[[package]]
name = "asgiref"
version = "3.5.2"
description = "ASGI specs, helper code, and adapters"
category = "main"
optional = false
python-versions = ">=3.7"

[package.extras]
tests = ["mypy (>=0.800)", "pytest", "pytest-asyncio"]

[[package]]
name = "attrs"
version = "22.1.0"
description = "Classes Without Boilerplate"
category = "dev"
optional = false
python-versions = ">=3.5"

[package.extras]
dev = ["cloudpickle", "coverage[toml] (>=5.0.2)", "furo", "hypothesis", "mypy (>=0.900,!=0.940)", "pre-commit", "pympler", "pytest (>=4.3.0)", "pytest-mypy-plugins", "sphinx", "sphinx-notfound-page", "zope.interface"]
docs = ["furo", "sphinx", "sphinx-notfound-page", "zope.interface"]
tests = ["cloudpickle", "coverage[toml] (>=5.0.2)", "hypothesis", "mypy (>=0.900,!=0.940)", "pympler", "pytest (>=4.3.0)", "pytest-mypy-plugins", "zope.interface"]
tests_no_zope = ["cloudpickle", "coverage[toml] (>=5.0.2)", "hypothesis", "mypy (>=0.900,!=0.940)", "pympler", "pytest (>=4.3.0)", "pytest-mypy-plugins"]

[[package]]
name = "black"
version = "22.8.0"
description = "The uncompromising code formatter."
category = "dev"
optional = false
python-versions = ">=3.6.2"

[package.dependencies]
click = ">=8.0.0"
mypy-extensions = ">=0.4.3"
pathspec = ">=0.9.0"
platformdirs = ">=2"
tomli = {version = ">=1.1.0", markers = "python_full_version < \"3.11.0a7\""}

[package.extras]
colorama = ["colorama (>=0.4.3)"]
d = ["aiohttp (>=3.7.4)"]
jupyter = ["ipython (>=7.8.0)", "tokenize-rt (>=3.2.0)"]
uvloop = ["uvloop (>=0.15.2)"]

[[package]]
name = "Brotli"
version = "1.0.9"
description = "Python bindings for the Brotli compression library"
category = "main"
optional = false
python-versions = "*"

[[package]]
name = "click"
version = "8.1.3"
description = "Composable command line interface toolkit"
category = "dev"
optional = false
python-versions = ">=3.7"

[package.dependencies]
colorama = {version = "*", markers = "platform_system == \"Windows\""}

[[package]]
name = "colorama"
version = "0.4.5"
description = "Cross-platform colored terminal text."
category = "dev"
optional = false
python-versions = ">=2.7, !=3.0.*, !=3.1.*, !=3.2.*, !=3.3.*, !=3.4.*"

[[package]]
name = "commonmark"
version = "0.9.1"
description = "Python parser for the CommonMark Markdown spec"
category = "dev"
optional = false
python-versions = "*"

[package.extras]
test = ["flake8 (==3.7.8)", "hypothesis (==3.55.3)"]

[[package]]
name = "coverage"
version = "6.4.4"
description = "Code coverage measurement for Python"
category = "dev"
optional = false
python-versions = ">=3.7"

[package.extras]
toml = ["tomli"]

[[package]]
name = "Django"
version = "4.1.1"
description = "A high-level Python web framework that encourages rapid development and clean, pragmatic design."
category = "main"
optional = false
python-versions = ">=3.8"

[package.dependencies]
asgiref = ">=3.5.2,<4"
sqlparse = ">=0.2.2"
tzdata = {version = "*", markers = "sys_platform == \"win32\""}

[package.extras]
argon2 = ["argon2-cffi (>=19.1.0)"]
bcrypt = ["bcrypt"]

[[package]]
name = "django-debug-toolbar"
version = "3.7.0"
description = "A configurable set of panels that display various debug information about the current request/response."
category = "dev"
optional = false
python-versions = ">=3.7"

[package.dependencies]
Django = ">=3.2.4"
sqlparse = ">=0.2.0"

[[package]]
name = "django-htmx"
version = "1.12.2"
description = "Extensions for using Django with htmx."
category = "main"
optional = false
python-versions = ">=3.7"

[package.dependencies]
Django = ">=3.2"

[[package]]
name = "gunicorn"
version = "20.1.0"
description = "WSGI HTTP Server for UNIX"
category = "main"
optional = false
python-versions = ">=3.5"

[package.dependencies]
setuptools = ">=3.0"

[package.extras]
eventlet = ["eventlet (>=0.24.1)"]
gevent = ["gevent (>=1.4.0)"]
setproctitle = ["setproctitle"]
tornado = ["tornado (>=0.2)"]

[[package]]
name = "iniconfig"
version = "1.1.1"
description = "iniconfig: brain-dead simple config-ini parsing"
category = "dev"
optional = false
python-versions = "*"

[[package]]
name = "mypy-extensions"
version = "0.4.3"
description = "Experimental type system extensions for programs checked with the mypy typechecker."
category = "dev"
optional = false
python-versions = "*"

[[package]]
name = "packaging"
version = "21.3"
description = "Core utilities for Python packages"
category = "dev"
optional = false
python-versions = ">=3.6"

[package.dependencies]
pyparsing = ">=2.0.2,<3.0.5 || >3.0.5"

[[package]]
name = "pathspec"
version = "0.10.1"
description = "Utility library for gitignore style pattern matching of file paths."
category = "dev"
optional = false
python-versions = ">=3.7"

[[package]]
name = "platformdirs"
version = "2.5.2"
description = "A small Python module for determining appropriate platform-specific dirs, e.g. a \"user data dir\"."
category = "dev"
optional = false
python-versions = ">=3.7"

[package.extras]
docs = ["furo (>=2021.7.5b38)", "proselint (>=0.10.2)", "sphinx (>=4)", "sphinx-autodoc-typehints (>=1.12)"]
test = ["appdirs (==1.4.4)", "pytest (>=6)", "pytest-cov (>=2.7)", "pytest-mock (>=3.6)"]

[[package]]
name = "pluggy"
version = "1.0.0"
description = "plugin and hook calling mechanisms for python"
category = "dev"
optional = false
python-versions = ">=3.6"

[package.extras]
dev = ["pre-commit", "tox"]
testing = ["pytest", "pytest-benchmark"]

[[package]]
name = "psycopg2"
version = "2.9.3"
description = "psycopg2 - Python-PostgreSQL Database Adapter"
category = "main"
optional = false
python-versions = ">=3.6"

[[package]]
name = "py"
version = "1.11.0"
description = "library with cross-python path, ini-parsing, io, code, log facilities"
category = "dev"
optional = false
python-versions = ">=2.7, !=3.0.*, !=3.1.*, !=3.2.*, !=3.3.*, !=3.4.*"

[[package]]
name = "Pygments"
version = "2.13.0"
description = "Pygments is a syntax highlighting package written in Python."
category = "dev"
optional = false
python-versions = ">=3.6"

[package.extras]
plugins = ["importlib-metadata"]

[[package]]
name = "pyparsing"
version = "3.0.9"
description = "pyparsing module - Classes and methods to define and execute parsing grammars"
category = "dev"
optional = false
python-versions = ">=3.6.8"

[package.extras]
diagrams = ["jinja2", "railroad-diagrams"]

[[package]]
name = "pytest"
version = "7.1.3"
description = "pytest: simple powerful testing with Python"
category = "dev"
optional = false
python-versions = ">=3.7"

[package.dependencies]
attrs = ">=19.2.0"
colorama = {version = "*", markers = "sys_platform == \"win32\""}
iniconfig = "*"
packaging = "*"
pluggy = ">=0.12,<2.0"
py = ">=1.8.2"
tomli = ">=1.0.0"

[package.extras]
testing = ["argcomplete", "hypothesis (>=3.56)", "mock", "nose", "pygments (>=2.7.2)", "requests", "xmlschema"]

[[package]]
name = "pytest-django"
version = "4.5.2"
description = "A Django plugin for pytest."
category = "dev"
optional = false
python-versions = ">=3.5"

[package.dependencies]
pytest = ">=5.4.0"

[package.extras]
docs = ["sphinx", "sphinx-rtd-theme"]
testing = ["Django", "django-configurations (>=2.0)"]

[[package]]
name = "pywatchman"
version = "1.4.1"
description = "Watchman client for python"
category = "dev"
optional = false
python-versions = "*"

[[package]]
name = "rich"
version = "12.5.1"
description = "Render rich text, tables, progress bars, syntax highlighting, markdown and more to the terminal"
category = "dev"
optional = false
python-versions = ">=3.6.3,<4.0.0"

[package.dependencies]
commonmark = ">=0.9.0,<0.10.0"
pygments = ">=2.6.0,<3.0.0"

[package.extras]
jupyter = ["ipywidgets (>=7.5.1,<8.0.0)"]

[[package]]
name = "setuptools"
version = "65.4.0"
description = "Easily download, build, install, upgrade, and uninstall Python packages"
category = "main"
optional = false
python-versions = ">=3.7"

[package.extras]
docs = ["furo", "jaraco.packaging (>=9)", "jaraco.tidelift (>=1.4)", "pygments-github-lexers (==0.0.5)", "rst.linker (>=1.9)", "sphinx", "sphinx-favicon", "sphinx-hoverxref (<2)", "sphinx-inline-tabs", "sphinx-notfound-page (==0.8.3)", "sphinx-reredirects", "sphinxcontrib-towncrier"]
testing = ["build[virtualenv]", "filelock (>=3.4.0)", "flake8 (<5)", "flake8-2020", "ini2toml[lite] (>=0.9)", "jaraco.envs (>=2.2)", "jaraco.path (>=3.2.0)", "mock", "pip (>=19.1)", "pip-run (>=8.8)", "pytest (>=6)", "pytest-black (>=0.3.7)", "pytest-checkdocs (>=2.4)", "pytest-cov", "pytest-enabler (>=1.3)", "pytest-flake8", "pytest-mypy (>=0.9.1)", "pytest-perf", "pytest-xdist", "tomli-w (>=1.0.0)", "virtualenv (>=13.0.0)", "wheel"]
testing-integration = ["build[virtualenv]", "filelock (>=3.4.0)", "jaraco.envs (>=2.2)", "jaraco.path (>=3.2.0)", "pytest", "pytest-enabler", "pytest-xdist", "tomli", "virtualenv (>=13.0.0)", "wheel"]

[[package]]
name = "sqlparse"
version = "0.4.3"
description = "A non-validating SQL parser."
category = "main"
optional = false
python-versions = ">=3.5"

[[package]]
name = "tomli"
version = "2.0.1"
description = "A lil' TOML parser"
category = "dev"
optional = false
python-versions = ">=3.7"

[[package]]
name = "tzdata"
version = "2022.2"
description = "Provider of IANA time zone data"
category = "main"
optional = false
python-versions = ">=2"

[[package]]
name = "whitenoise"
version = "6.2.0"
description = "Radically simplified static file serving for WSGI applications"
category = "main"
optional = false
python-versions = ">=3.7"

[package.dependencies]
Brotli = {version = "*", optional = true, markers = "extra == \"brotli\""}

[package.extras]
brotli = ["Brotli"]

[metadata]
lock-version = "1.1"
python-versions = "^3.10"
content-hash = "3142725fa9e32bdb61414efe4abb736bdcd27ded783046ac8f705e8f6d6d7110"

[metadata.files]
asgiref = [
    {file = "asgiref-3.5.2-py3-none-any.whl", hash = "sha256:1d2880b792ae8757289136f1db2b7b99100ce959b2aa57fd69dab783d05afac4"},
    {file = "asgiref-3.5.2.tar.gz", hash = "sha256:4a29362a6acebe09bf1d6640db38c1dc3d9217c68e6f9f6204d72667fc19a424"},
]
attrs = [
    {file = "attrs-22.1.0-py2.py3-none-any.whl", hash = "sha256:86efa402f67bf2df34f51a335487cf46b1ec130d02b8d39fd248abfd30da551c"},
    {file = "attrs-22.1.0.tar.gz", hash = "sha256:29adc2665447e5191d0e7c568fde78b21f9672d344281d0c6e1ab085429b22b6"},
]
black = [
    {file = "black-22.8.0-cp310-cp310-macosx_10_9_universal2.whl", hash = "sha256:ce957f1d6b78a8a231b18e0dd2d94a33d2ba738cd88a7fe64f53f659eea49fdd"},
    {file = "black-22.8.0-cp310-cp310-macosx_10_9_x86_64.whl", hash = "sha256:5107ea36b2b61917956d018bd25129baf9ad1125e39324a9b18248d362156a27"},
    {file = "black-22.8.0-cp310-cp310-macosx_11_0_arm64.whl", hash = "sha256:e8166b7bfe5dcb56d325385bd1d1e0f635f24aae14b3ae437102dedc0c186747"},
    {file = "black-22.8.0-cp310-cp310-manylinux_2_17_x86_64.manylinux2014_x86_64.whl", hash = "sha256:dd82842bb272297503cbec1a2600b6bfb338dae017186f8f215c8958f8acf869"},
    {file = "black-22.8.0-cp310-cp310-win_amd64.whl", hash = "sha256:d839150f61d09e7217f52917259831fe2b689f5c8e5e32611736351b89bb2a90"},
    {file = "black-22.8.0-cp36-cp36m-macosx_10_9_x86_64.whl", hash = "sha256:a05da0430bd5ced89176db098567973be52ce175a55677436a271102d7eaa3fe"},
    {file = "black-22.8.0-cp36-cp36m-manylinux_2_17_x86_64.manylinux2014_x86_64.whl", hash = "sha256:4a098a69a02596e1f2a58a2a1c8d5a05d5a74461af552b371e82f9fa4ada8342"},
    {file = "black-22.8.0-cp36-cp36m-win_amd64.whl", hash = "sha256:5594efbdc35426e35a7defa1ea1a1cb97c7dbd34c0e49af7fb593a36bd45edab"},
    {file = "black-22.8.0-cp37-cp37m-macosx_10_9_x86_64.whl", hash = "sha256:a983526af1bea1e4cf6768e649990f28ee4f4137266921c2c3cee8116ae42ec3"},
    {file = "black-22.8.0-cp37-cp37m-manylinux_2_17_x86_64.manylinux2014_x86_64.whl", hash = "sha256:3b2c25f8dea5e8444bdc6788a2f543e1fb01494e144480bc17f806178378005e"},
    {file = "black-22.8.0-cp37-cp37m-win_amd64.whl", hash = "sha256:78dd85caaab7c3153054756b9fe8c611efa63d9e7aecfa33e533060cb14b6d16"},
    {file = "black-22.8.0-cp38-cp38-macosx_10_9_universal2.whl", hash = "sha256:cea1b2542d4e2c02c332e83150e41e3ca80dc0fb8de20df3c5e98e242156222c"},
    {file = "black-22.8.0-cp38-cp38-macosx_10_9_x86_64.whl", hash = "sha256:5b879eb439094751185d1cfdca43023bc6786bd3c60372462b6f051efa6281a5"},
    {file = "black-22.8.0-cp38-cp38-macosx_11_0_arm64.whl", hash = "sha256:0a12e4e1353819af41df998b02c6742643cfef58282915f781d0e4dd7a200411"},
    {file = "black-22.8.0-cp38-cp38-manylinux_2_17_x86_64.manylinux2014_x86_64.whl", hash = "sha256:c3a73f66b6d5ba7288cd5d6dad9b4c9b43f4e8a4b789a94bf5abfb878c663eb3"},
    {file = "black-22.8.0-cp38-cp38-win_amd64.whl", hash = "sha256:e981e20ec152dfb3e77418fb616077937378b322d7b26aa1ff87717fb18b4875"},
    {file = "black-22.8.0-cp39-cp39-macosx_10_9_universal2.whl", hash = "sha256:8ce13ffed7e66dda0da3e0b2eb1bdfc83f5812f66e09aca2b0978593ed636b6c"},
    {file = "black-22.8.0-cp39-cp39-macosx_10_9_x86_64.whl", hash = "sha256:32a4b17f644fc288c6ee2bafdf5e3b045f4eff84693ac069d87b1a347d861497"},
    {file = "black-22.8.0-cp39-cp39-macosx_11_0_arm64.whl", hash = "sha256:0ad827325a3a634bae88ae7747db1a395d5ee02cf05d9aa7a9bd77dfb10e940c"},
    {file = "black-22.8.0-cp39-cp39-manylinux_2_17_x86_64.manylinux2014_x86_64.whl", hash = "sha256:53198e28a1fb865e9fe97f88220da2e44df6da82b18833b588b1883b16bb5d41"},
    {file = "black-22.8.0-cp39-cp39-win_amd64.whl", hash = "sha256:bc4d4123830a2d190e9cc42a2e43570f82ace35c3aeb26a512a2102bce5af7ec"},
    {file = "black-22.8.0-py3-none-any.whl", hash = "sha256:d2c21d439b2baf7aa80d6dd4e3659259be64c6f49dfd0f32091063db0e006db4"},
    {file = "black-22.8.0.tar.gz", hash = "sha256:792f7eb540ba9a17e8656538701d3eb1afcb134e3b45b71f20b25c77a8db7e6e"},
]
Brotli = [
    {file = "Brotli-1.0.9-cp27-cp27m-macosx_10_9_x86_64.whl", hash = "sha256:268fe94547ba25b58ebc724680609c8ee3e5a843202e9a381f6f9c5e8bdb5c70"},
    {file = "Brotli-1.0.9-cp27-cp27m-manylinux1_i686.whl", hash = "sha256:c2415d9d082152460f2bd4e382a1e85aed233abc92db5a3880da2257dc7daf7b"},
    {file = "Brotli-1.0.9-cp27-cp27m-manylinux1_x86_64.whl", hash = "sha256:5913a1177fc36e30fcf6dc868ce23b0453952c78c04c266d3149b3d39e1410d6"},
    {file = "Brotli-1.0.9-cp27-cp27m-win32.whl", hash = "sha256:afde17ae04d90fbe53afb628f7f2d4ca022797aa093e809de5c3cf276f61bbfa"},
    {file = "Brotli-1.0.9-cp27-cp27mu-manylinux1_i686.whl", hash = "sha256:7cb81373984cc0e4682f31bc3d6be9026006d96eecd07ea49aafb06897746452"},
    {file = "Brotli-1.0.9-cp27-cp27mu-manylinux1_x86_64.whl", hash = "sha256:db844eb158a87ccab83e868a762ea8024ae27337fc7ddcbfcddd157f841fdfe7"},
    {file = "Brotli-1.0.9-cp310-cp310-macosx_10_9_universal2.whl", hash = "sha256:9744a863b489c79a73aba014df554b0e7a0fc44ef3f8a0ef2a52919c7d155031"},
    {file = "Brotli-1.0.9-cp310-cp310-macosx_10_9_x86_64.whl", hash = "sha256:a72661af47119a80d82fa583b554095308d6a4c356b2a554fdc2799bc19f2a43"},
    {file = "Brotli-1.0.9-cp310-cp310-manylinux_2_17_aarch64.manylinux2014_aarch64.whl", hash = "sha256:7ee83d3e3a024a9618e5be64648d6d11c37047ac48adff25f12fa4226cf23d1c"},
    {file = "Brotli-1.0.9-cp310-cp310-manylinux_2_5_i686.manylinux1_i686.manylinux_2_12_i686.manylinux2010_i686.whl", hash = "sha256:19598ecddd8a212aedb1ffa15763dd52a388518c4550e615aed88dc3753c0f0c"},
    {file = "Brotli-1.0.9-cp310-cp310-manylinux_2_5_x86_64.manylinux1_x86_64.manylinux_2_12_x86_64.manylinux2010_x86_64.whl", hash = "sha256:44bb8ff420c1d19d91d79d8c3574b8954288bdff0273bf788954064d260d7ab0"},
    {file = "Brotli-1.0.9-cp310-cp310-musllinux_1_1_aarch64.whl", hash = "sha256:e23281b9a08ec338469268f98f194658abfb13658ee98e2b7f85ee9dd06caa91"},
    {file = "Brotli-1.0.9-cp310-cp310-musllinux_1_1_i686.whl", hash = "sha256:3496fc835370da351d37cada4cf744039616a6db7d13c430035e901443a34daa"},
    {file = "Brotli-1.0.9-cp310-cp310-musllinux_1_1_x86_64.whl", hash = "sha256:b83bb06a0192cccf1eb8d0a28672a1b79c74c3a8a5f2619625aeb6f28b3a82bb"},
    {file = "Brotli-1.0.9-cp310-cp310-win32.whl", hash = "sha256:26d168aac4aaec9a4394221240e8a5436b5634adc3cd1cdf637f6645cecbf181"},
    {file = "Brotli-1.0.9-cp310-cp310-win_amd64.whl", hash = "sha256:622a231b08899c864eb87e85f81c75e7b9ce05b001e59bbfbf43d4a71f5f32b2"},
    {file = "Brotli-1.0.9-cp35-cp35m-macosx_10_6_intel.whl", hash = "sha256:c83aa123d56f2e060644427a882a36b3c12db93727ad7a7b9efd7d7f3e9cc2c4"},
    {file = "Brotli-1.0.9-cp35-cp35m-manylinux1_i686.whl", hash = "sha256:6b2ae9f5f67f89aade1fab0f7fd8f2832501311c363a21579d02defa844d9296"},
    {file = "Brotli-1.0.9-cp35-cp35m-manylinux1_x86_64.whl", hash = "sha256:68715970f16b6e92c574c30747c95cf8cf62804569647386ff032195dc89a430"},
    {file = "Brotli-1.0.9-cp35-cp35m-win32.whl", hash = "sha256:defed7ea5f218a9f2336301e6fd379f55c655bea65ba2476346340a0ce6f74a1"},
    {file = "Brotli-1.0.9-cp35-cp35m-win_amd64.whl", hash = "sha256:88c63a1b55f352b02c6ffd24b15ead9fc0e8bf781dbe070213039324922a2eea"},
    {file = "Brotli-1.0.9-cp36-cp36m-macosx_10_9_x86_64.whl", hash = "sha256:503fa6af7da9f4b5780bb7e4cbe0c639b010f12be85d02c99452825dd0feef3f"},
    {file = "Brotli-1.0.9-cp36-cp36m-manylinux1_i686.whl", hash = "sha256:40d15c79f42e0a2c72892bf407979febd9cf91f36f495ffb333d1d04cebb34e4"},
    {file = "Brotli-1.0.9-cp36-cp36m-manylinux1_x86_64.whl", hash = "sha256:93130612b837103e15ac3f9cbacb4613f9e348b58b3aad53721d92e57f96d46a"},
    {file = "Brotli-1.0.9-cp36-cp36m-manylinux_2_17_aarch64.manylinux2014_aarch64.whl", hash = "sha256:87fdccbb6bb589095f413b1e05734ba492c962b4a45a13ff3408fa44ffe6479b"},
    {file = "Brotli-1.0.9-cp36-cp36m-musllinux_1_1_aarch64.whl", hash = "sha256:6d847b14f7ea89f6ad3c9e3901d1bc4835f6b390a9c71df999b0162d9bb1e20f"},
    {file = "Brotli-1.0.9-cp36-cp36m-musllinux_1_1_i686.whl", hash = "sha256:495ba7e49c2db22b046a53b469bbecea802efce200dffb69b93dd47397edc9b6"},
    {file = "Brotli-1.0.9-cp36-cp36m-musllinux_1_1_x86_64.whl", hash = "sha256:4688c1e42968ba52e57d8670ad2306fe92e0169c6f3af0089be75bbac0c64a3b"},
    {file = "Brotli-1.0.9-cp36-cp36m-win32.whl", hash = "sha256:61a7ee1f13ab913897dac7da44a73c6d44d48a4adff42a5701e3239791c96e14"},
    {file = "Brotli-1.0.9-cp36-cp36m-win_amd64.whl", hash = "sha256:1c48472a6ba3b113452355b9af0a60da5c2ae60477f8feda8346f8fd48e3e87c"},
    {file = "Brotli-1.0.9-cp37-cp37m-macosx_10_9_x86_64.whl", hash = "sha256:3b78a24b5fd13c03ee2b7b86290ed20efdc95da75a3557cc06811764d5ad1126"},
    {file = "Brotli-1.0.9-cp37-cp37m-manylinux1_i686.whl", hash = "sha256:9d12cf2851759b8de8ca5fde36a59c08210a97ffca0eb94c532ce7b17c6a3d1d"},
    {file = "Brotli-1.0.9-cp37-cp37m-manylinux1_x86_64.whl", hash = "sha256:6c772d6c0a79ac0f414a9f8947cc407e119b8598de7621f39cacadae3cf57d12"},
    {file = "Brotli-1.0.9-cp37-cp37m-manylinux_2_17_aarch64.manylinux2014_aarch64.whl", hash = "sha256:29d1d350178e5225397e28ea1b7aca3648fcbab546d20e7475805437bfb0a130"},
    {file = "Brotli-1.0.9-cp37-cp37m-musllinux_1_1_aarch64.whl", hash = "sha256:7bbff90b63328013e1e8cb50650ae0b9bac54ffb4be6104378490193cd60f85a"},
    {file = "Brotli-1.0.9-cp37-cp37m-musllinux_1_1_i686.whl", hash = "sha256:ec1947eabbaf8e0531e8e899fc1d9876c179fc518989461f5d24e2223395a9e3"},
    {file = "Brotli-1.0.9-cp37-cp37m-musllinux_1_1_x86_64.whl", hash = "sha256:12effe280b8ebfd389022aa65114e30407540ccb89b177d3fbc9a4f177c4bd5d"},
    {file = "Brotli-1.0.9-cp37-cp37m-win32.whl", hash = "sha256:f909bbbc433048b499cb9db9e713b5d8d949e8c109a2a548502fb9aa8630f0b1"},
    {file = "Brotli-1.0.9-cp37-cp37m-win_amd64.whl", hash = "sha256:97f715cf371b16ac88b8c19da00029804e20e25f30d80203417255d239f228b5"},
    {file = "Brotli-1.0.9-cp38-cp38-macosx_10_9_universal2.whl", hash = "sha256:e16eb9541f3dd1a3e92b89005e37b1257b157b7256df0e36bd7b33b50be73bcb"},
    {file = "Brotli-1.0.9-cp38-cp38-macosx_10_9_x86_64.whl", hash = "sha256:160c78292e98d21e73a4cc7f76a234390e516afcd982fa17e1422f7c6a9ce9c8"},
    {file = "Brotli-1.0.9-cp38-cp38-manylinux1_i686.whl", hash = "sha256:b663f1e02de5d0573610756398e44c130add0eb9a3fc912a09665332942a2efb"},
    {file = "Brotli-1.0.9-cp38-cp38-manylinux1_x86_64.whl", hash = "sha256:5b6ef7d9f9c38292df3690fe3e302b5b530999fa90014853dcd0d6902fb59f26"},
    {file = "Brotli-1.0.9-cp38-cp38-manylinux_2_17_aarch64.manylinux2014_aarch64.whl", hash = "sha256:8a674ac10e0a87b683f4fa2b6fa41090edfd686a6524bd8dedbd6138b309175c"},
    {file = "Brotli-1.0.9-cp38-cp38-musllinux_1_1_aarch64.whl", hash = "sha256:e2d9e1cbc1b25e22000328702b014227737756f4b5bf5c485ac1d8091ada078b"},
    {file = "Brotli-1.0.9-cp38-cp38-musllinux_1_1_i686.whl", hash = "sha256:b336c5e9cf03c7be40c47b5fd694c43c9f1358a80ba384a21969e0b4e66a9b17"},
    {file = "Brotli-1.0.9-cp38-cp38-musllinux_1_1_x86_64.whl", hash = "sha256:85f7912459c67eaab2fb854ed2bc1cc25772b300545fe7ed2dc03954da638649"},
    {file = "Brotli-1.0.9-cp38-cp38-win32.whl", hash = "sha256:35a3edbe18e876e596553c4007a087f8bcfd538f19bc116917b3c7522fca0429"},
    {file = "Brotli-1.0.9-cp38-cp38-win_amd64.whl", hash = "sha256:269a5743a393c65db46a7bb982644c67ecba4b8d91b392403ad8a861ba6f495f"},
    {file = "Brotli-1.0.9-cp39-cp39-macosx_10_9_universal2.whl", hash = "sha256:2aad0e0baa04517741c9bb5b07586c642302e5fb3e75319cb62087bd0995ab19"},
    {file = "Brotli-1.0.9-cp39-cp39-macosx_10_9_x86_64.whl", hash = "sha256:5cb1e18167792d7d21e21365d7650b72d5081ed476123ff7b8cac7f45189c0c7"},
    {file = "Brotli-1.0.9-cp39-cp39-manylinux1_i686.whl", hash = "sha256:16d528a45c2e1909c2798f27f7bf0a3feec1dc9e50948e738b961618e38b6a7b"},
    {file = "Brotli-1.0.9-cp39-cp39-manylinux1_x86_64.whl", hash = "sha256:56d027eace784738457437df7331965473f2c0da2c70e1a1f6fdbae5402e0389"},
    {file = "Brotli-1.0.9-cp39-cp39-manylinux_2_17_aarch64.manylinux2014_aarch64.whl", hash = "sha256:9bf919756d25e4114ace16a8ce91eb340eb57a08e2c6950c3cebcbe3dff2a5e7"},
    {file = "Brotli-1.0.9-cp39-cp39-musllinux_1_1_aarch64.whl", hash = "sha256:e4c4e92c14a57c9bd4cb4be678c25369bf7a092d55fd0866f759e425b9660806"},
    {file = "Brotli-1.0.9-cp39-cp39-musllinux_1_1_i686.whl", hash = "sha256:e48f4234f2469ed012a98f4b7874e7f7e173c167bed4934912a29e03167cf6b1"},
    {file = "Brotli-1.0.9-cp39-cp39-musllinux_1_1_x86_64.whl", hash = "sha256:9ed4c92a0665002ff8ea852353aeb60d9141eb04109e88928026d3c8a9e5433c"},
    {file = "Brotli-1.0.9-cp39-cp39-win32.whl", hash = "sha256:cfc391f4429ee0a9370aa93d812a52e1fee0f37a81861f4fdd1f4fb28e8547c3"},
    {file = "Brotli-1.0.9-cp39-cp39-win_amd64.whl", hash = "sha256:854c33dad5ba0fbd6ab69185fec8dab89e13cda6b7d191ba111987df74f38761"},
    {file = "Brotli-1.0.9-pp37-pypy37_pp73-macosx_10_9_x86_64.whl", hash = "sha256:9749a124280a0ada4187a6cfd1ffd35c350fb3af79c706589d98e088c5044267"},
    {file = "Brotli-1.0.9-pp37-pypy37_pp73-win_amd64.whl", hash = "sha256:76ffebb907bec09ff511bb3acc077695e2c32bc2142819491579a695f77ffd4d"},
    {file = "Brotli-1.0.9.zip", hash = "sha256:4d1b810aa0ed773f81dceda2cc7b403d01057458730e309856356d4ef4188438"},
]
click = [
    {file = "click-8.1.3-py3-none-any.whl", hash = "sha256:bb4d8133cb15a609f44e8213d9b391b0809795062913b383c62be0ee95b1db48"},
    {file = "click-8.1.3.tar.gz", hash = "sha256:7682dc8afb30297001674575ea00d1814d808d6a36af415a82bd481d37ba7b8e"},
]
colorama = [
    {file = "colorama-0.4.5-py2.py3-none-any.whl", hash = "sha256:854bf444933e37f5824ae7bfc1e98d5bce2ebe4160d46b5edf346a89358e99da"},
    {file = "colorama-0.4.5.tar.gz", hash = "sha256:e6c6b4334fc50988a639d9b98aa429a0b57da6e17b9a44f0451f930b6967b7a4"},
]
commonmark = [
    {file = "commonmark-0.9.1-py2.py3-none-any.whl", hash = "sha256:da2f38c92590f83de410ba1a3cbceafbc74fee9def35f9251ba9a971d6d66fd9"},
    {file = "commonmark-0.9.1.tar.gz", hash = "sha256:452f9dc859be7f06631ddcb328b6919c67984aca654e5fefb3914d54691aed60"},
]
coverage = [
    {file = "coverage-6.4.4-cp310-cp310-macosx_10_9_x86_64.whl", hash = "sha256:e7b4da9bafad21ea45a714d3ea6f3e1679099e420c8741c74905b92ee9bfa7cc"},
    {file = "coverage-6.4.4-cp310-cp310-macosx_11_0_arm64.whl", hash = "sha256:fde17bc42e0716c94bf19d92e4c9f5a00c5feb401f5bc01101fdf2a8b7cacf60"},
    {file = "coverage-6.4.4-cp310-cp310-manylinux_2_17_aarch64.manylinux2014_aarch64.whl", hash = "sha256:cdbb0d89923c80dbd435b9cf8bba0ff55585a3cdb28cbec65f376c041472c60d"},
    {file = "coverage-6.4.4-cp310-cp310-manylinux_2_5_i686.manylinux1_i686.manylinux_2_17_i686.manylinux2014_i686.whl", hash = "sha256:67f9346aeebea54e845d29b487eb38ec95f2ecf3558a3cffb26ee3f0dcc3e760"},
    {file = "coverage-6.4.4-cp310-cp310-manylinux_2_5_x86_64.manylinux1_x86_64.manylinux_2_17_x86_64.manylinux2014_x86_64.whl", hash = "sha256:42c499c14efd858b98c4e03595bf914089b98400d30789511577aa44607a1b74"},
    {file = "coverage-6.4.4-cp310-cp310-musllinux_1_1_aarch64.whl", hash = "sha256:c35cca192ba700979d20ac43024a82b9b32a60da2f983bec6c0f5b84aead635c"},
    {file = "coverage-6.4.4-cp310-cp310-musllinux_1_1_i686.whl", hash = "sha256:9cc4f107009bca5a81caef2fca843dbec4215c05e917a59dec0c8db5cff1d2aa"},
    {file = "coverage-6.4.4-cp310-cp310-musllinux_1_1_x86_64.whl", hash = "sha256:5f444627b3664b80d078c05fe6a850dd711beeb90d26731f11d492dcbadb6973"},
    {file = "coverage-6.4.4-cp310-cp310-win32.whl", hash = "sha256:66e6df3ac4659a435677d8cd40e8eb1ac7219345d27c41145991ee9bf4b806a0"},
    {file = "coverage-6.4.4-cp310-cp310-win_amd64.whl", hash = "sha256:35ef1f8d8a7a275aa7410d2f2c60fa6443f4a64fae9be671ec0696a68525b875"},
    {file = "coverage-6.4.4-cp311-cp311-macosx_10_9_x86_64.whl", hash = "sha256:c1328d0c2f194ffda30a45f11058c02410e679456276bfa0bbe0b0ee87225fac"},
    {file = "coverage-6.4.4-cp311-cp311-manylinux_2_17_aarch64.manylinux2014_aarch64.whl", hash = "sha256:61b993f3998ee384935ee423c3d40894e93277f12482f6e777642a0141f55782"},
    {file = "coverage-6.4.4-cp311-cp311-manylinux_2_5_i686.manylinux1_i686.manylinux_2_17_i686.manylinux2014_i686.whl", hash = "sha256:d5dd4b8e9cd0deb60e6fcc7b0647cbc1da6c33b9e786f9c79721fd303994832f"},
    {file = "coverage-6.4.4-cp311-cp311-manylinux_2_5_x86_64.manylinux1_x86_64.manylinux_2_17_x86_64.manylinux2014_x86_64.whl", hash = "sha256:7026f5afe0d1a933685d8f2169d7c2d2e624f6255fb584ca99ccca8c0e966fd7"},
    {file = "coverage-6.4.4-cp311-cp311-musllinux_1_1_aarch64.whl", hash = "sha256:9c7b9b498eb0c0d48b4c2abc0e10c2d78912203f972e0e63e3c9dc21f15abdaa"},
    {file = "coverage-6.4.4-cp311-cp311-musllinux_1_1_i686.whl", hash = "sha256:ee2b2fb6eb4ace35805f434e0f6409444e1466a47f620d1d5763a22600f0f892"},
    {file = "coverage-6.4.4-cp311-cp311-musllinux_1_1_x86_64.whl", hash = "sha256:ab066f5ab67059d1f1000b5e1aa8bbd75b6ed1fc0014559aea41a9eb66fc2ce0"},
    {file = "coverage-6.4.4-cp311-cp311-win32.whl", hash = "sha256:9d6e1f3185cbfd3d91ac77ea065d85d5215d3dfa45b191d14ddfcd952fa53796"},
    {file = "coverage-6.4.4-cp311-cp311-win_amd64.whl", hash = "sha256:e3d3c4cc38b2882f9a15bafd30aec079582b819bec1b8afdbde8f7797008108a"},
    {file = "coverage-6.4.4-cp37-cp37m-macosx_10_9_x86_64.whl", hash = "sha256:a095aa0a996ea08b10580908e88fbaf81ecf798e923bbe64fb98d1807db3d68a"},
    {file = "coverage-6.4.4-cp37-cp37m-manylinux_2_17_aarch64.manylinux2014_aarch64.whl", hash = "sha256:ef6f44409ab02e202b31a05dd6666797f9de2aa2b4b3534e9d450e42dea5e817"},
    {file = "coverage-6.4.4-cp37-cp37m-manylinux_2_5_i686.manylinux1_i686.manylinux_2_17_i686.manylinux2014_i686.whl", hash = "sha256:4b7101938584d67e6f45f0015b60e24a95bf8dea19836b1709a80342e01b472f"},
    {file = "coverage-6.4.4-cp37-cp37m-manylinux_2_5_x86_64.manylinux1_x86_64.manylinux_2_17_x86_64.manylinux2014_x86_64.whl", hash = "sha256:14a32ec68d721c3d714d9b105c7acf8e0f8a4f4734c811eda75ff3718570b5e3"},
    {file = "coverage-6.4.4-cp37-cp37m-musllinux_1_1_aarch64.whl", hash = "sha256:6a864733b22d3081749450466ac80698fe39c91cb6849b2ef8752fd7482011f3"},
    {file = "coverage-6.4.4-cp37-cp37m-musllinux_1_1_i686.whl", hash = "sha256:08002f9251f51afdcc5e3adf5d5d66bb490ae893d9e21359b085f0e03390a820"},
    {file = "coverage-6.4.4-cp37-cp37m-musllinux_1_1_x86_64.whl", hash = "sha256:a3b2752de32c455f2521a51bd3ffb53c5b3ae92736afde67ce83477f5c1dd928"},
    {file = "coverage-6.4.4-cp37-cp37m-win32.whl", hash = "sha256:f855b39e4f75abd0dfbcf74a82e84ae3fc260d523fcb3532786bcbbcb158322c"},
    {file = "coverage-6.4.4-cp37-cp37m-win_amd64.whl", hash = "sha256:ee6ae6bbcac0786807295e9687169fba80cb0617852b2fa118a99667e8e6815d"},
    {file = "coverage-6.4.4-cp38-cp38-macosx_10_9_x86_64.whl", hash = "sha256:564cd0f5b5470094df06fab676c6d77547abfdcb09b6c29c8a97c41ad03b103c"},
    {file = "coverage-6.4.4-cp38-cp38-macosx_11_0_arm64.whl", hash = "sha256:cbbb0e4cd8ddcd5ef47641cfac97d8473ab6b132dd9a46bacb18872828031685"},
    {file = "coverage-6.4.4-cp38-cp38-manylinux_2_17_aarch64.manylinux2014_aarch64.whl", hash = "sha256:6113e4df2fa73b80f77663445be6d567913fb3b82a86ceb64e44ae0e4b695de1"},
    {file = "coverage-6.4.4-cp38-cp38-manylinux_2_5_i686.manylinux1_i686.manylinux_2_17_i686.manylinux2014_i686.whl", hash = "sha256:8d032bfc562a52318ae05047a6eb801ff31ccee172dc0d2504614e911d8fa83e"},
    {file = "coverage-6.4.4-cp38-cp38-manylinux_2_5_x86_64.manylinux1_x86_64.manylinux_2_17_x86_64.manylinux2014_x86_64.whl", hash = "sha256:e431e305a1f3126477abe9a184624a85308da8edf8486a863601d58419d26ffa"},
    {file = "coverage-6.4.4-cp38-cp38-musllinux_1_1_aarch64.whl", hash = "sha256:cf2afe83a53f77aec067033199797832617890e15bed42f4a1a93ea24794ae3e"},
    {file = "coverage-6.4.4-cp38-cp38-musllinux_1_1_i686.whl", hash = "sha256:783bc7c4ee524039ca13b6d9b4186a67f8e63d91342c713e88c1865a38d0892a"},
    {file = "coverage-6.4.4-cp38-cp38-musllinux_1_1_x86_64.whl", hash = "sha256:ff934ced84054b9018665ca3967fc48e1ac99e811f6cc99ea65978e1d384454b"},
    {file = "coverage-6.4.4-cp38-cp38-win32.whl", hash = "sha256:e1fabd473566fce2cf18ea41171d92814e4ef1495e04471786cbc943b89a3781"},
    {file = "coverage-6.4.4-cp38-cp38-win_amd64.whl", hash = "sha256:4179502f210ebed3ccfe2f78bf8e2d59e50b297b598b100d6c6e3341053066a2"},
    {file = "coverage-6.4.4-cp39-cp39-macosx_10_9_x86_64.whl", hash = "sha256:98c0b9e9b572893cdb0a00e66cf961a238f8d870d4e1dc8e679eb8bdc2eb1b86"},
    {file = "coverage-6.4.4-cp39-cp39-macosx_11_0_arm64.whl", hash = "sha256:fc600f6ec19b273da1d85817eda339fb46ce9eef3e89f220055d8696e0a06908"},
    {file = "coverage-6.4.4-cp39-cp39-manylinux_2_17_aarch64.manylinux2014_aarch64.whl", hash = "sha256:7a98d6bf6d4ca5c07a600c7b4e0c5350cd483c85c736c522b786be90ea5bac4f"},
    {file = "coverage-6.4.4-cp39-cp39-manylinux_2_5_i686.manylinux1_i686.manylinux_2_17_i686.manylinux2014_i686.whl", hash = "sha256:01778769097dbd705a24e221f42be885c544bb91251747a8a3efdec6eb4788f2"},
    {file = "coverage-6.4.4-cp39-cp39-manylinux_2_5_x86_64.manylinux1_x86_64.manylinux_2_17_x86_64.manylinux2014_x86_64.whl", hash = "sha256:dfa0b97eb904255e2ab24166071b27408f1f69c8fbda58e9c0972804851e0558"},
    {file = "coverage-6.4.4-cp39-cp39-musllinux_1_1_aarch64.whl", hash = "sha256:fcbe3d9a53e013f8ab88734d7e517eb2cd06b7e689bedf22c0eb68db5e4a0a19"},
    {file = "coverage-6.4.4-cp39-cp39-musllinux_1_1_i686.whl", hash = "sha256:15e38d853ee224e92ccc9a851457fb1e1f12d7a5df5ae44544ce7863691c7a0d"},
    {file = "coverage-6.4.4-cp39-cp39-musllinux_1_1_x86_64.whl", hash = "sha256:6913dddee2deff8ab2512639c5168c3e80b3ebb0f818fed22048ee46f735351a"},
    {file = "coverage-6.4.4-cp39-cp39-win32.whl", hash = "sha256:354df19fefd03b9a13132fa6643527ef7905712109d9c1c1903f2133d3a4e145"},
    {file = "coverage-6.4.4-cp39-cp39-win_amd64.whl", hash = "sha256:1238b08f3576201ebf41f7c20bf59baa0d05da941b123c6656e42cdb668e9827"},
    {file = "coverage-6.4.4-pp36.pp37.pp38-none-any.whl", hash = "sha256:f67cf9f406cf0d2f08a3515ce2db5b82625a7257f88aad87904674def6ddaec1"},
    {file = "coverage-6.4.4.tar.gz", hash = "sha256:e16c45b726acb780e1e6f88b286d3c10b3914ab03438f32117c4aa52d7f30d58"},
]
Django = [
    {file = "Django-4.1.1-py3-none-any.whl", hash = "sha256:acb21fac9275f9972d81c7caf5761a89ec3ea25fe74545dd26b8a48cb3a0203e"},
    {file = "Django-4.1.1.tar.gz", hash = "sha256:a153ffd5143bf26a877bfae2f4ec736ebd8924a46600ca089ad96b54a1d4e28e"},
]
django-debug-toolbar = [
    {file = "django-debug-toolbar-3.7.0.tar.gz", hash = "sha256:1e3acad24e3d351ba45c6fa2072e4164820307332a776b16c9f06d1f89503465"},
    {file = "django_debug_toolbar-3.7.0-py3-none-any.whl", hash = "sha256:80de23066b624d3970fd296cf02d61988e5d56c31aa0dc4a428970b46e2883a8"},
]
django-htmx = [
    {file = "django-htmx-1.12.2.tar.gz", hash = "sha256:93a356ec0a983a33cc11d927bfe4ab3eca847dc89786d6293e80bc12dc9da03c"},
    {file = "django_htmx-1.12.2-py3-none-any.whl", hash = "sha256:fe2d31eb8eeae1f531248c0b7cc441dc68b77158892514ed2fcf5f6119b89bd5"},
]
gunicorn = [
    {file = "gunicorn-20.1.0-py3-none-any.whl", hash = "sha256:9dcc4547dbb1cb284accfb15ab5667a0e5d1881cc443e0677b4882a4067a807e"},
    {file = "gunicorn-20.1.0.tar.gz", hash = "sha256:e0a968b5ba15f8a328fdfd7ab1fcb5af4470c28aaf7e55df02a99bc13138e6e8"},
]
iniconfig = [
    {file = "iniconfig-1.1.1-py2.py3-none-any.whl", hash = "sha256:011e24c64b7f47f6ebd835bb12a743f2fbe9a26d4cecaa7f53bc4f35ee9da8b3"},
    {file = "iniconfig-1.1.1.tar.gz", hash = "sha256:bc3af051d7d14b2ee5ef9969666def0cd1a000e121eaea580d4a313df4b37f32"},
]
mypy-extensions = [
    {file = "mypy_extensions-0.4.3-py2.py3-none-any.whl", hash = "sha256:090fedd75945a69ae91ce1303b5824f428daf5a028d2f6ab8a299250a846f15d"},
    {file = "mypy_extensions-0.4.3.tar.gz", hash = "sha256:2d82818f5bb3e369420cb3c4060a7970edba416647068eb4c5343488a6c604a8"},
]
packaging = [
    {file = "packaging-21.3-py3-none-any.whl", hash = "sha256:ef103e05f519cdc783ae24ea4e2e0f508a9c99b2d4969652eed6a2e1ea5bd522"},
    {file = "packaging-21.3.tar.gz", hash = "sha256:dd47c42927d89ab911e606518907cc2d3a1f38bbd026385970643f9c5b8ecfeb"},
]
pathspec = [
    {file = "pathspec-0.10.1-py3-none-any.whl", hash = "sha256:46846318467efc4556ccfd27816e004270a9eeeeb4d062ce5e6fc7a87c573f93"},
    {file = "pathspec-0.10.1.tar.gz", hash = "sha256:7ace6161b621d31e7902eb6b5ae148d12cfd23f4a249b9ffb6b9fee12084323d"},
]
platformdirs = [
    {file = "platformdirs-2.5.2-py3-none-any.whl", hash = "sha256:027d8e83a2d7de06bbac4e5ef7e023c02b863d7ea5d079477e722bb41ab25788"},
    {file = "platformdirs-2.5.2.tar.gz", hash = "sha256:58c8abb07dcb441e6ee4b11d8df0ac856038f944ab98b7be6b27b2a3c7feef19"},
]
pluggy = [
    {file = "pluggy-1.0.0-py2.py3-none-any.whl", hash = "sha256:74134bbf457f031a36d68416e1509f34bd5ccc019f0bcc952c7b909d06b37bd3"},
    {file = "pluggy-1.0.0.tar.gz", hash = "sha256:4224373bacce55f955a878bf9cfa763c1e360858e330072059e10bad68531159"},
]
psycopg2 = [
    {file = "psycopg2-2.9.3-cp310-cp310-win32.whl", hash = "sha256:083707a696e5e1c330af2508d8fab36f9700b26621ccbcb538abe22e15485362"},
    {file = "psycopg2-2.9.3-cp310-cp310-win_amd64.whl", hash = "sha256:d3ca6421b942f60c008f81a3541e8faf6865a28d5a9b48544b0ee4f40cac7fca"},
    {file = "psycopg2-2.9.3-cp36-cp36m-win32.whl", hash = "sha256:9572e08b50aed176ef6d66f15a21d823bb6f6d23152d35e8451d7d2d18fdac56"},
    {file = "psycopg2-2.9.3-cp36-cp36m-win_amd64.whl", hash = "sha256:a81e3866f99382dfe8c15a151f1ca5fde5815fde879348fe5a9884a7c092a305"},
    {file = "psycopg2-2.9.3-cp37-cp37m-win32.whl", hash = "sha256:cb10d44e6694d763fa1078a26f7f6137d69f555a78ec85dc2ef716c37447e4b2"},
    {file = "psycopg2-2.9.3-cp37-cp37m-win_amd64.whl", hash = "sha256:4295093a6ae3434d33ec6baab4ca5512a5082cc43c0505293087b8a46d108461"},
    {file = "psycopg2-2.9.3-cp38-cp38-win32.whl", hash = "sha256:34b33e0162cfcaad151f249c2649fd1030010c16f4bbc40a604c1cb77173dcf7"},
    {file = "psycopg2-2.9.3-cp38-cp38-win_amd64.whl", hash = "sha256:0762c27d018edbcb2d34d51596e4346c983bd27c330218c56c4dc25ef7e819bf"},
    {file = "psycopg2-2.9.3-cp39-cp39-win32.whl", hash = "sha256:8cf3878353cc04b053822896bc4922b194792df9df2f1ad8da01fb3043602126"},
    {file = "psycopg2-2.9.3-cp39-cp39-win_amd64.whl", hash = "sha256:06f32425949bd5fe8f625c49f17ebb9784e1e4fe928b7cce72edc36fb68e4c0c"},
    {file = "psycopg2-2.9.3.tar.gz", hash = "sha256:8e841d1bf3434da985cc5ef13e6f75c8981ced601fd70cc6bf33351b91562981"},
]
py = [
    {file = "py-1.11.0-py2.py3-none-any.whl", hash = "sha256:607c53218732647dff4acdfcd50cb62615cedf612e72d1724fb1a0cc6405b378"},
    {file = "py-1.11.0.tar.gz", hash = "sha256:51c75c4126074b472f746a24399ad32f6053d1b34b68d2fa41e558e6f4a98719"},
]
Pygments = [
    {file = "Pygments-2.13.0-py3-none-any.whl", hash = "sha256:f643f331ab57ba3c9d89212ee4a2dabc6e94f117cf4eefde99a0574720d14c42"},
    {file = "Pygments-2.13.0.tar.gz", hash = "sha256:56a8508ae95f98e2b9bdf93a6be5ae3f7d8af858b43e02c5a2ff083726be40c1"},
]
pyparsing = [
    {file = "pyparsing-3.0.9-py3-none-any.whl", hash = "sha256:5026bae9a10eeaefb61dab2f09052b9f4307d44aee4eda64b309723d8d206bbc"},
    {file = "pyparsing-3.0.9.tar.gz", hash = "sha256:2b020ecf7d21b687f219b71ecad3631f644a47f01403fa1d1036b0c6416d70fb"},
]
pytest = [
    {file = "pytest-7.1.3-py3-none-any.whl", hash = "sha256:1377bda3466d70b55e3f5cecfa55bb7cfcf219c7964629b967c37cf0bda818b7"},
    {file = "pytest-7.1.3.tar.gz", hash = "sha256:4f365fec2dff9c1162f834d9f18af1ba13062db0c708bf7b946f8a5c76180c39"},
]
pytest-django = [
    {file = "pytest-django-4.5.2.tar.gz", hash = "sha256:d9076f759bb7c36939dbdd5ae6633c18edfc2902d1a69fdbefd2426b970ce6c2"},
    {file = "pytest_django-4.5.2-py3-none-any.whl", hash = "sha256:c60834861933773109334fe5a53e83d1ef4828f2203a1d6a0fa9972f4f75ab3e"},
]
pywatchman = [
    {file = "pywatchman-1.4.1.tar.gz", hash = "sha256:d0047eb275deafb0011eda0a1a815fbd9742478c3d2b5ad6956d300e447dc2f9"},
]
rich = [
    {file = "rich-12.5.1-py3-none-any.whl", hash = "sha256:2eb4e6894cde1e017976d2975ac210ef515d7548bc595ba20e195fb9628acdeb"},
    {file = "rich-12.5.1.tar.gz", hash = "sha256:63a5c5ce3673d3d5fbbf23cd87e11ab84b6b451436f1b7f19ec54b6bc36ed7ca"},
]
setuptools = [
    {file = "setuptools-65.4.0-py3-none-any.whl", hash = "sha256:c2d2709550f15aab6c9110196ea312f468f41cd546bceb24127a1be6fdcaeeb1"},
    {file = "setuptools-65.4.0.tar.gz", hash = "sha256:a8f6e213b4b0661f590ccf40de95d28a177cd747d098624ad3f69c40287297e9"},
]
sqlparse = [
    {file = "sqlparse-0.4.3-py3-none-any.whl", hash = "sha256:0323c0ec29cd52bceabc1b4d9d579e311f3e4961b98d174201d5622a23b85e34"},
    {file = "sqlparse-0.4.3.tar.gz", hash = "sha256:69ca804846bb114d2ec380e4360a8a340db83f0ccf3afceeb1404df028f57268"},
]
tomli = [
    {file = "tomli-2.0.1-py3-none-any.whl", hash = "sha256:939de3e7a6161af0c887ef91b7d41a53e7c5a1ca976325f429cb46ea9bc30ecc"},
    {file = "tomli-2.0.1.tar.gz", hash = "sha256:de526c12914f0c550d15924c62d72abc48d6fe7364aa87328337a31007fe8a4f"},
]
tzdata = [
    {file = "tzdata-2022.2-py2.py3-none-any.whl", hash = "sha256:c3119520447d68ef3eb8187a55a4f44fa455f30eb1b4238fa5691ba094f2b05b"},
    {file = "tzdata-2022.2.tar.gz", hash = "sha256:21f4f0d7241572efa7f7a4fdabb052e61b55dc48274e6842697ccdf5253e5451"},
]
whitenoise = [
    {file = "whitenoise-6.2.0-py3-none-any.whl", hash = "sha256:8e9c600a5c18bd17655ef668ad55b5edf6c24ce9bdca5bf607649ca4b1e8e2c2"},
    {file = "whitenoise-6.2.0.tar.gz", hash = "sha256:8fa943c6d4cd9e27673b70c21a07b0aa120873901e099cd46cab40f7cc96d567"},
]
